
Microsoft Visual Studio Solution File, Format Version 12.00
# Visual Studio Version 17
VisualStudioVersion = 17.2.32616.157
MinimumVisualStudioVersion = 10.0.40219.1
Project("{9A19103F-16F7-4668-BE54-9A1E7A4F7556}") = "Server", "Server\Server.csproj", "{87037069-E68B-4736-B5FB-5D236F42637B}"
EndProject
Project("{9A19103F-16F7-4668-BE54-9A1E7A4F7556}") = "Client", "..\Client\Client\Client.csproj", "{FFB2A8A8-C0AA-49D1-A108-C099EE998C66}"
EndProject
Project("{9A19103F-16F7-4668-BE54-9A1E7A4F7556}") = "DataTransferObjects", "DataTransferObjects\DataTransferObjects.csproj", "{0E26665E-60F0-4428-A820-35B6B387E126}"
EndProject
Project("{FAE04EC0-301F-11D3-BF4B-00C04F79EFBC}") = "planning_tests", "planning_tests\planning_tests.csproj", "{C832CCB6-259A-4713-A34F-C58393C99DFC}"
EndProject
Global
	GlobalSection(SolutionConfigurationPlatforms) = preSolution
		Debug|Any CPU = Debug|Any CPU
		Release|Any CPU = Release|Any CPU
	EndGlobalSection
	GlobalSection(ProjectConfigurationPlatforms) = postSolution
		{87037069-E68B-4736-B5FB-5D236F42637B}.Debug|Any CPU.ActiveCfg = Debug|Any CPU
		{87037069-E68B-4736-B5FB-5D236F42637B}.Debug|Any CPU.Build.0 = Debug|Any CPU
		{87037069-E68B-4736-B5FB-5D236F42637B}.Release|Any CPU.ActiveCfg = Release|Any CPU
		{87037069-E68B-4736-B5FB-5D236F42637B}.Release|Any CPU.Build.0 = Release|Any CPU
		{FFB2A8A8-C0AA-49D1-A108-C099EE998C66}.Debug|Any CPU.ActiveCfg = Debug|Any CPU
		{FFB2A8A8-C0AA-49D1-A108-C099EE998C66}.Debug|Any CPU.Build.0 = Debug|Any CPU
		{FFB2A8A8-C0AA-49D1-A108-C099EE998C66}.Release|Any CPU.ActiveCfg = Release|Any CPU
		{FFB2A8A8-C0AA-49D1-A108-C099EE998C66}.Release|Any CPU.Build.0 = Release|Any CPU
		{0E26665E-60F0-4428-A820-35B6B387E126}.Debug|Any CPU.ActiveCfg = Debug|Any CPU
		{0E26665E-60F0-4428-A820-35B6B387E126}.Debug|Any CPU.Build.0 = Debug|Any CPU
		{0E26665E-60F0-4428-A820-35B6B387E126}.Release|Any CPU.ActiveCfg = Release|Any CPU
		{0E26665E-60F0-4428-A820-35B6B387E126}.Release|Any CPU.Build.0 = Release|Any CPU
		{C832CCB6-259A-4713-A34F-C58393C99DFC}.Debug|Any CPU.ActiveCfg = Debug|Any CPU
		{C832CCB6-259A-4713-A34F-C58393C99DFC}.Debug|Any CPU.Build.0 = Debug|Any CPU
		{C832CCB6-259A-4713-A34F-C58393C99DFC}.Release|Any CPU.ActiveCfg = Release|Any CPU
		{C832CCB6-259A-4713-A34F-C58393C99DFC}.Release|Any CPU.Build.0 = Release|Any CPU
	EndGlobalSection
	GlobalSection(SolutionProperties) = preSolution
		HideSolutionNode = FALSE
	EndGlobalSection
	GlobalSection(ExtensibilityGlobals) = postSolution
		SolutionGuid = {6EA6F29D-B705-4C1B-B170-FAF38D2EB472}
	EndGlobalSection
EndGlobal
